PODS:
  - GoogleMaps (2.3.1):
    - GoogleMaps/Maps (= 2.3.1)
  - GoogleMaps/Base (2.3.1)
  - GoogleMaps/Maps (2.3.1):
    - GoogleMaps/Base
  - GooglePlacePicker (2.3.1):
    - GoogleMaps (= 2.3.1)
    - GooglePlaces (= 2.3.1)
  - GooglePlaces (2.3.1):
    - GoogleMaps/Base (= 2.3.1)
  - SwiftyJSON (3.0.0)

DEPENDENCIES:
  - GoogleMaps
  - GooglePlacePicker
  - GooglePlaces
  - SwiftyJSON (= 3.0.0)

SPEC CHECKSUMS:
  GoogleMaps: c66a71058b9b1294bcdd5463a68e357fa50c079f
  GooglePlacePicker: fc3564ac7a2ce314e78e42bfc1e16822ad1e5488
  GooglePlaces: 4a7b22debfa1af65017b82943431822607e45201
  SwiftyJSON: f57b2b44bc166617372d1c70773591fe9f0f5fd4

PODFILE CHECKSUM: 4275e697a16082485cb2b462d0e0d7d3d2f56bd0

COCOAPODS: 1.2.1
