// !$*UTF8*$!
{
	archiveVersion = 1;
	classes = {
	};
	objectVersion = 46;
	objects = {

/* Begin PBXBuildFile section */
		580AA7A95907044BDCF60777 /* Pods_Siesta_UserBuild.framework in Frameworks */ = {isa = PBXBuildFile; fileRef = 44B8649C56B10C86F9BB2932 /* Pods_Siesta_UserBuild.framework */; };
		A71424301F26B2830038392D /* CoreDataHelper.swift in Sources */ = {isa = PBXBuildFile; fileRef = A714242F1F26B2830038392D /* CoreDataHelper.swift */; };
		A71424541F26C0920038392D /* Alarm.xcdatamodeld in Sources */ = {isa = PBXBuildFile; fileRef = A71424521F26C0920038392D /* Alarm.xcdatamodeld */; };
		A77CA09C1F1D162B00409D34 /* AppDelegate.swift in Sources */ = {isa = PBXBuildFile; fileRef = A77CA09B1F1D162B00409D34 /* AppDelegate.swift */; };
		A77CA0A11F1D162B00409D34 /* Main.storyboard in Resources */ = {isa = PBXBuildFile; fileRef = A77CA09F1F1D162B00409D34 /* Main.storyboard */; };
		A77CA0A31F1D162B00409D34 /* Assets.xcassets in Resources */ = {isa = PBXBuildFile; fileRef = A77CA0A21F1D162B00409D34 /* Assets.xcassets */; };
		A77CA0A61F1D162B00409D34 /* LaunchScreen.storyboard in Resources */ = {isa = PBXBuildFile; fileRef = A77CA0A41F1D162B00409D34 /* LaunchScreen.storyboard */; };
		A77CA0AE1F1D19AF00409D34 /* SetOtherInformationViewController.swift in Sources */ = {isa = PBXBuildFile; fileRef = A77CA0AD1F1D19AF00409D34 /* SetOtherInformationViewController.swift */; };
		A77CA0B01F1D204300409D34 /* tickle.mp3 in Resources */ = {isa = PBXBuildFile; fileRef = A77CA0AF1F1D204300409D34 /* tickle.mp3 */; };
		A77CA0B21F1D231A00409D34 /* venus-isle-30.wav in Resources */ = {isa = PBXBuildFile; fileRef = A77CA0B11F1D231A00409D34 /* venus-isle-30.wav */; };
		A77CA0B71F1D53CB00409D34 /* LocationSettingsViewController.swift in Sources */ = {isa = PBXBuildFile; fileRef = A77CA0B61F1D53CB00409D34 /* LocationSettingsViewController.swift */; };
		A77CA0C01F1E887B00409D34 /* TrafficDataViewController.swift in Sources */ = {isa = PBXBuildFile; fileRef = A77CA0BF1F1E887B00409D34 /* TrafficDataViewController.swift */; };
		A77CA0C21F1EC2B100409D34 /* LocationService.swift in Sources */ = {isa = PBXBuildFile; fileRef = A77CA0C11F1EC2B100409D34 /* LocationService.swift */; };
		A77CA0C41F211CF100409D34 /* TimeCalculationsHelper.swift in Sources */ = {isa = PBXBuildFile; fileRef = A77CA0C31F211CF100409D34 /* TimeCalculationsHelper.swift */; };
		A77CA0C71F22704600409D34 /* NotificationHelper.swift in Sources */ = {isa = PBXBuildFile; fileRef = A77CA0C61F22704600409D34 /* NotificationHelper.swift */; };
		A77CA0CC1F22989200409D34 /* ListAlarmsTableViewController.swift in Sources */ = {isa = PBXBuildFile; fileRef = A77CA0CB1F22989200409D34 /* ListAlarmsTableViewController.swift */; };
		A77CA0D01F229CE600409D34 /* ListAlarmsTableViewCell.swift in Sources */ = {isa = PBXBuildFile; fileRef = A77CA0CF1F229CE600409D34 /* ListAlarmsTableViewCell.swift */; };
		A77CA0D41F22AB3200409D34 /* DisplayAlarmViewController.swift in Sources */ = {isa = PBXBuildFile; fileRef = A77CA0D31F22AB3200409D34 /* DisplayAlarmViewController.swift */; };
		A7A4D9C91F25AF5A00D56CF9 /* SetAlarmViewController.swift in Sources */ = {isa = PBXBuildFile; fileRef = A7A4D9C81F25AF5A00D56CF9 /* SetAlarmViewController.swift */; };
		A7F9D4431F292C9600C640F9 /* DateFormatterHelper.swift in Sources */ = {isa = PBXBuildFile; fileRef = A7F9D4421F292C9600C640F9 /* DateFormatterHelper.swift */; };
		A7F9D4631F2D772400C640F9 /* SearchViewController.swift in Sources */ = {isa = PBXBuildFile; fileRef = A7F9D4621F2D772400C640F9 /* SearchViewController.swift */; };
		A7F9D4671F2FB4DD00C640F9 /* ToolBarHelper.swift in Sources */ = {isa = PBXBuildFile; fileRef = A7F9D4661F2FB4DD00C640F9 /* ToolBarHelper.swift */; };
/* End PBXBuildFile section */

/* Begin PBXFileReference section */
		44B8649C56B10C86F9BB2932 /* Pods_Siesta_UserBuild.framework */ = {isa = PBXFileReference; explicitFileType = wrapper.framework; includeInIndex = 0; path = Pods_Siesta_UserBuild.framework; sourceTree = BUILT_PRODUCTS_DIR; };
		485AFBB5003E172190111BF1 /* Pods-Siesta-UserBuild.release.xcconfig */ = {isa = PBXFileReference; includeInIndex = 1; lastKnownFileType = text.xcconfig; name = "Pods-Siesta-UserBuild.release.xcconfig"; path = "Pods/Target Support Files/Pods-Siesta-UserBuild/Pods-Siesta-UserBuild.release.xcconfig"; sourceTree = "<group>"; };
		A714242F1F26B2830038392D /* CoreDataHelper.swift */ = {isa = PBXFileReference; fileEncoding = 4; lastKnownFileType = sourcecode.swift; path = CoreDataHelper.swift; sourceTree = "<group>"; };
		A71424531F26C0920038392D /* Alarm.xcdatamodel */ = {isa = PBXFileReference; lastKnownFileType = wrapper.xcdatamodel; path = Alarm.xcdatamodel; sourceTree = "<group>"; };
		A77CA0981F1D162B00409D34 /* Siesta-UserBuild.app */ = {isa = PBXFileReference; explicitFileType = wrapper.application; includeInIndex = 0; path = "Siesta-UserBuild.app"; sourceTree = BUILT_PRODUCTS_DIR; };
		A77CA09B1F1D162B00409D34 /* AppDelegate.swift */ = {isa = PBXFileReference; lastKnownFileType = sourcecode.swift; path = AppDelegate.swift; sourceTree = "<group>"; };
		A77CA0A01F1D162B00409D34 /* Base */ = {isa = PBXFileReference; lastKnownFileType = file.storyboard; name = Base; path = Base.lproj/Main.storyboard; sourceTree = "<group>"; };
		A77CA0A21F1D162B00409D34 /* Assets.xcassets */ = {isa = PBXFileReference; lastKnownFileType = folder.assetcatalog; path = Assets.xcassets; sourceTree = "<group>"; };
		A77CA0A51F1D162B00409D34 /* Base */ = {isa = PBXFileReference; lastKnownFileType = file.storyboard; name = Base; path = Base.lproj/LaunchScreen.storyboard; sourceTree = "<group>"; };
		A77CA0A71F1D162B00409D34 /* Info.plist */ = {isa = PBXFileReference; lastKnownFileType = text.plist.xml; path = Info.plist; sourceTree = "<group>"; };
		A77CA0AD1F1D19AF00409D34 /* SetOtherInformationViewController.swift */ = {isa = PBXFileReference; fileEncoding = 4; lastKnownFileType = sourcecode.swift; path = SetOtherInformationViewController.swift; sourceTree = "<group>"; };
		A77CA0AF1F1D204300409D34 /* tickle.mp3 */ = {isa = PBXFileReference; lastKnownFileType = audio.mp3; name = tickle.mp3; path = "../../../siesta-alarm/tickle.mp3"; sourceTree = "<group>"; };
		A77CA0B11F1D231A00409D34 /* venus-isle-30.wav */ = {isa = PBXFileReference; lastKnownFileType = audio.wav; path = "venus-isle-30.wav"; sourceTree = SOURCE_ROOT; };
		A77CA0B61F1D53CB00409D34 /* LocationSettingsViewController.swift */ = {isa = PBXFileReference; fileEncoding = 4; lastKnownFileType = sourcecode.swift; path = LocationSettingsViewController.swift; sourceTree = "<group>"; };
		A77CA0BF1F1E887B00409D34 /* TrafficDataViewController.swift */ = {isa = PBXFileReference; fileEncoding = 4; lastKnownFileType = sourcecode.swift; path = TrafficDataViewController.swift; sourceTree = "<group>"; };
		A77CA0C11F1EC2B100409D34 /* LocationService.swift */ = {isa = PBXFileReference; fileEncoding = 4; lastKnownFileType = sourcecode.swift; path = LocationService.swift; sourceTree = "<group>"; };
		A77CA0C31F211CF100409D34 /* TimeCalculationsHelper.swift */ = {isa = PBXFileReference; fileEncoding = 4; lastKnownFileType = sourcecode.swift; path = TimeCalculationsHelper.swift; sourceTree = "<group>"; };
		A77CA0C61F22704600409D34 /* NotificationHelper.swift */ = {isa = PBXFileReference; fileEncoding = 4; lastKnownFileType = sourcecode.swift; path = NotificationHelper.swift; sourceTree = "<group>"; };
		A77CA0CB1F22989200409D34 /* ListAlarmsTableViewController.swift */ = {isa = PBXFileReference; fileEncoding = 4; lastKnownFileType = sourcecode.swift; path = ListAlarmsTableViewController.swift; sourceTree = "<group>"; };
		A77CA0CF1F229CE600409D34 /* ListAlarmsTableViewCell.swift */ = {isa = PBXFileReference; fileEncoding = 4; lastKnownFileType = sourcecode.swift; path = ListAlarmsTableViewCell.swift; sourceTree = "<group>"; };
		A77CA0D31F22AB3200409D34 /* DisplayAlarmViewController.swift */ = {isa = PBXFileReference; fileEncoding = 4; lastKnownFileType = sourcecode.swift; path = DisplayAlarmViewController.swift; sourceTree = "<group>"; };
		A7A4D9C81F25AF5A00D56CF9 /* SetAlarmViewController.swift */ = {isa = PBXFileReference; fileEncoding = 4; lastKnownFileType = sourcecode.swift; path = SetAlarmViewController.swift; sourceTree = "<group>"; };
		A7F9D4421F292C9600C640F9 /* DateFormatterHelper.swift */ = {isa = PBXFileReference; fileEncoding = 4; lastKnownFileType = sourcecode.swift; path = DateFormatterHelper.swift; sourceTree = "<group>"; };
		A7F9D4621F2D772400C640F9 /* SearchViewController.swift */ = {isa = PBXFileReference; fileEncoding = 4; lastKnownFileType = sourcecode.swift; path = SearchViewController.swift; sourceTree = "<group>"; };
		A7F9D4661F2FB4DD00C640F9 /* ToolBarHelper.swift */ = {isa = PBXFileReference; fileEncoding = 4; lastKnownFileType = sourcecode.swift; path = ToolBarHelper.swift; sourceTree = "<group>"; };
		F2E18BC077F9AEED1F710FD0 /* Pods-Siesta-UserBuild.debug.xcconfig */ = {isa = PBXFileReference; includeInIndex = 1; lastKnownFileType = text.xcconfig; name = "Pods-Siesta-UserBuild.debug.xcconfig"; path = "Pods/Target Support Files/Pods-Siesta-UserBuild/Pods-Siesta-UserBuild.debug.xcconfig"; sourceTree = "<group>"; };
/* End PBXFileReference section */

/* Begin PBXFrameworksBuildPhase section */
		A77CA0951F1D162B00409D34 /* Frameworks */ = {
			isa = PBXFrameworksBuildPhase;
			buildActionMask = 2147483647;
			files = (
				580AA7A95907044BDCF60777 /* Pods_Siesta_UserBuild.framework in Frameworks */,
			);
			runOnlyForDeploymentPostprocessing = 0;
		};
/* End PBXFrameworksBuildPhase section */

/* Begin PBXGroup section */
		4A635C275F7676C20673EF73 /* Pods */ = {
			isa = PBXGroup;
			children = (
				F2E18BC077F9AEED1F710FD0 /* Pods-Siesta-UserBuild.debug.xcconfig */,
				485AFBB5003E172190111BF1 /* Pods-Siesta-UserBuild.release.xcconfig */,
			);
			name = Pods;
			sourceTree = "<group>";
		};
		A77CA08F1F1D162B00409D34 = {
			isa = PBXGroup;
			children = (
				A77CA09A1F1D162B00409D34 /* Siesta-UserBuild */,
				A77CA0991F1D162B00409D34 /* Products */,
				4A635C275F7676C20673EF73 /* Pods */,
				E5A7B3AEC4298F0138BA18AF /* Frameworks */,
			);
			sourceTree = "<group>";
		};
		A77CA0991F1D162B00409D34 /* Products */ = {
			isa = PBXGroup;
			children = (
				A77CA0981F1D162B00409D34 /* Siesta-UserBuild.app */,
			);
			name = Products;
			sourceTree = "<group>";
		};
		A77CA09A1F1D162B00409D34 /* Siesta-UserBuild */ = {
			isa = PBXGroup;
			children = (
				A77CA0CE1F229CC000409D34 /* Views */,
				A77CA09B1F1D162B00409D34 /* AppDelegate.swift */,
				A77CA0B81F1E87B300409D34 /* View Controllers */,
				A77CA0B91F1E87C700409D34 /* Stroyboards */,
				A77CA0A21F1D162B00409D34 /* Assets.xcassets */,
				A77CA0D51F22ABA700409D34 /* Models */,
				A77CA0A71F1D162B00409D34 /* Info.plist */,
				A77CA0C81F22704F00409D34 /* Helper */,
				A77CA0C51F22702500409D34 /* Service */,
				A77CA0BB1F1E880D00409D34 /* Sound */,
			);
			path = "Siesta-UserBuild";
			sourceTree = "<group>";
		};
		A77CA0B81F1E87B300409D34 /* View Controllers */ = {
			isa = PBXGroup;
			children = (
				A7A4D9C81F25AF5A00D56CF9 /* SetAlarmViewController.swift */,
				A77CA0AD1F1D19AF00409D34 /* SetOtherInformationViewController.swift */,
				A77CA0B61F1D53CB00409D34 /* LocationSettingsViewController.swift */,
				A77CA0BF1F1E887B00409D34 /* TrafficDataViewController.swift */,
				A77CA0D31F22AB3200409D34 /* DisplayAlarmViewController.swift */,
				A7F9D4621F2D772400C640F9 /* SearchViewController.swift */,
				A77CA0CB1F22989200409D34 /* ListAlarmsTableViewController.swift */,
			);
			name = "View Controllers";
			sourceTree = "<group>";
		};
		A77CA0B91F1E87C700409D34 /* Stroyboards */ = {
			isa = PBXGroup;
			children = (
				A77CA09F1F1D162B00409D34 /* Main.storyboard */,
				A77CA0A41F1D162B00409D34 /* LaunchScreen.storyboard */,
			);
			name = Stroyboards;
			sourceTree = "<group>";
		};
		A77CA0BB1F1E880D00409D34 /* Sound */ = {
			isa = PBXGroup;
			children = (
				A77CA0AF1F1D204300409D34 /* tickle.mp3 */,
				A77CA0B11F1D231A00409D34 /* venus-isle-30.wav */,
			);
			name = Sound;
			sourceTree = "<group>";
		};
		A77CA0C51F22702500409D34 /* Service */ = {
			isa = PBXGroup;
			children = (
				A77CA0C11F1EC2B100409D34 /* LocationService.swift */,
			);
			name = Service;
			sourceTree = "<group>";
		};
		A77CA0C81F22704F00409D34 /* Helper */ = {
			isa = PBXGroup;
			children = (
				A77CA0C31F211CF100409D34 /* TimeCalculationsHelper.swift */,
				A714242F1F26B2830038392D /* CoreDataHelper.swift */,
				A7F9D4421F292C9600C640F9 /* DateFormatterHelper.swift */,
				A77CA0C61F22704600409D34 /* NotificationHelper.swift */,
				A7F9D4661F2FB4DD00C640F9 /* ToolBarHelper.swift */,
			);
			name = Helper;
			sourceTree = "<group>";
		};
		A77CA0CE1F229CC000409D34 /* Views */ = {
			isa = PBXGroup;
			children = (
				A77CA0CF1F229CE600409D34 /* ListAlarmsTableViewCell.swift */,
				A71424521F26C0920038392D /* Alarm.xcdatamodeld */,
			);
			name = Views;
			sourceTree = "<group>";
		};
		A77CA0D51F22ABA700409D34 /* Models */ = {
			isa = PBXGroup;
			children = (
			);
			name = Models;
			sourceTree = "<group>";
		};
		E5A7B3AEC4298F0138BA18AF /* Frameworks */ = {
			isa = PBXGroup;
			children = (
				44B8649C56B10C86F9BB2932 /* Pods_Siesta_UserBuild.framework */,
			);
			name = Frameworks;
			sourceTree = "<group>";
		};
/* End PBXGroup section */

/* Begin PBXNativeTarget section */
		A77CA0971F1D162B00409D34 /* Siesta-UserBuild */ = {
			isa = PBXNativeTarget;
			buildConfigurationList = A77CA0AA1F1D162B00409D34 /* Build configuration list for PBXNativeTarget "Siesta-UserBuild" */;
			buildPhases = (
				76AC19D1E0B2F680744CDD8A /* [CP] Check Pods Manifest.lock */,
				A77CA0941F1D162B00409D34 /* Sources */,
				A77CA0951F1D162B00409D34 /* Frameworks */,
				A77CA0961F1D162B00409D34 /* Resources */,
				5263C90C4465AFA74A612120 /* [CP] Embed Pods Frameworks */,
				7A1B61921746CAC660960F30 /* [CP] Copy Pods Resources */,
			);
			buildRules = (
			);
			dependencies = (
			);
			name = "Siesta-UserBuild";
			productName = "Siesta-UserBuild";
			productReference = A77CA0981F1D162B00409D34 /* Siesta-UserBuild.app */;
			productType = "com.apple.product-type.application";
		};
/* End PBXNativeTarget section */

/* Begin PBXProject section */
		A77CA0901F1D162B00409D34 /* Project object */ = {
			isa = PBXProject;
			attributes = {
				LastSwiftUpdateCheck = 0830;
				LastUpgradeCheck = 0830;
				ORGANIZATIONNAME = "Make School";
				TargetAttributes = {
					A77CA0971F1D162B00409D34 = {
						CreatedOnToolsVersion = 8.3.3;
						DevelopmentTeam = K5G28H99SW;
						ProvisioningStyle = Automatic;
						SystemCapabilities = {
							com.apple.BackgroundModes = {
								enabled = 1;
							};
						};
					};
				};
			};
			buildConfigurationList = A77CA0931F1D162B00409D34 /* Build configuration list for PBXProject "Siesta-UserBuild" */;
			compatibilityVersion = "Xcode 3.2";
			developmentRegion = English;
			hasScannedForEncodings = 0;
			knownRegions = (
				en,
				Base,
			);
			mainGroup = A77CA08F1F1D162B00409D34;
			productRefGroup = A77CA0991F1D162B00409D34 /* Products */;
			projectDirPath = "";
			projectRoot = "";
			targets = (
				A77CA0971F1D162B00409D34 /* Siesta-UserBuild */,
			);
		};
/* End PBXProject section */

/* Begin PBXResourcesBuildPhase section */
		A77CA0961F1D162B00409D34 /* Resources */ = {
			isa = PBXResourcesBuildPhase;
			buildActionMask = 2147483647;
			files = (
				A77CA0B01F1D204300409D34 /* tickle.mp3 in Resources */,
				A77CA0A61F1D162B00409D34 /* LaunchScreen.storyboard in Resources */,
				A77CA0A31F1D162B00409D34 /* Assets.xcassets in Resources */,
				A77CA0B21F1D231A00409D34 /* venus-isle-30.wav in Resources */,
				A77CA0A11F1D162B00409D34 /* Main.storyboard in Resources */,
			);
			runOnlyForDeploymentPostprocessing = 0;
		};
/* End PBXResourcesBuildPhase section */

/* Begin PBXShellScriptBuildPhase section */
		5263C90C4465AFA74A612120 /* [CP] Embed Pods Frameworks */ = {
			isa = PBXShellScriptBuildPhase;
			buildActionMask = 2147483647;
			files = (
			);
			inputPaths = (
			);
			name = "[CP] Embed Pods Frameworks";
			outputPaths = (
			);
			runOnlyForDeploymentPostprocessing = 0;
			shellPath = /bin/sh;
			shellScript = "\"${SRCROOT}/Pods/Target Support Files/Pods-Siesta-UserBuild/Pods-Siesta-UserBuild-frameworks.sh\"\n";
			showEnvVarsInLog = 0;
		};
		76AC19D1E0B2F680744CDD8A /* [CP] Check Pods Manifest.lock */ = {
			isa = PBXShellScriptBuildPhase;
			buildActionMask = 2147483647;
			files = (
			);
			inputPaths = (
			);
			name = "[CP] Check Pods Manifest.lock";
			outputPaths = (
			);
			runOnlyForDeploymentPostprocessing = 0;
			shellPath = /bin/sh;
			shellScript = "diff \"${PODS_PODFILE_DIR_PATH}/Podfile.lock\" \"${PODS_ROOT}/Manifest.lock\" > /dev/null\nif [ $? != 0 ] ; then\n    # print error to STDERR\n    echo \"error: The sandbox is not in sync with the Podfile.lock. Run 'pod install' or update your CocoaPods installation.\" >&2\n    exit 1\nfi\n";
			showEnvVarsInLog = 0;
		};
		7A1B61921746CAC660960F30 /* [CP] Copy Pods Resources */ = {
			isa = PBXShellScriptBuildPhase;
			buildActionMask = 2147483647;
			files = (
			);
			inputPaths = (
			);
			name = "[CP] Copy Pods Resources";
			outputPaths = (
			);
			runOnlyForDeploymentPostprocessing = 0;
			shellPath = /bin/sh;
			shellScript = "\"${SRCROOT}/Pods/Target Support Files/Pods-Siesta-UserBuild/Pods-Siesta-UserBuild-resources.sh\"\n";
			showEnvVarsInLog = 0;
		};
/* End PBXShellScriptBuildPhase section */

/* Begin PBXSourcesBuildPhase section */
		A77CA0941F1D162B00409D34 /* Sources */ = {
			isa = PBXSourcesBuildPhase;
			buildActionMask = 2147483647;
			files = (
				A77CA0B71F1D53CB00409D34 /* LocationSettingsViewController.swift in Sources */,
				A77CA0AE1F1D19AF00409D34 /* SetOtherInformationViewController.swift in Sources */,
				A7F9D4671F2FB4DD00C640F9 /* ToolBarHelper.swift in Sources */,
				A7A4D9C91F25AF5A00D56CF9 /* SetAlarmViewController.swift in Sources */,
				A77CA0CC1F22989200409D34 /* ListAlarmsTableViewController.swift in Sources */,
				A77CA0C71F22704600409D34 /* NotificationHelper.swift in Sources */,
				A77CA0C41F211CF100409D34 /* TimeCalculationsHelper.swift in Sources */,
				A77CA0D41F22AB3200409D34 /* DisplayAlarmViewController.swift in Sources */,
				A71424541F26C0920038392D /* Alarm.xcdatamodeld in Sources */,
				A7F9D4631F2D772400C640F9 /* SearchViewController.swift in Sources */,
				A77CA0D01F229CE600409D34 /* ListAlarmsTableViewCell.swift in Sources */,
				A77CA0C01F1E887B00409D34 /* TrafficDataViewController.swift in Sources */,
				A71424301F26B2830038392D /* CoreDataHelper.swift in Sources */,
				A77CA0C21F1EC2B100409D34 /* LocationService.swift in Sources */,
				A7F9D4431F292C9600C640F9 /* DateFormatterHelper.swift in Sources */,
				A77CA09C1F1D162B00409D34 /* AppDelegate.swift in Sources */,
			);
			runOnlyForDeploymentPostprocessing = 0;
		};
/* End PBXSourcesBuildPhase section */

/* Begin PBXVariantGroup section */
		A77CA09F1F1D162B00409D34 /* Main.storyboard */ = {
			isa = PBXVariantGroup;
			children = (
				A77CA0A01F1D162B00409D34 /* Base */,
			);
			name = Main.storyboard;
			sourceTree = "<group>";
		};
		A77CA0A41F1D162B00409D34 /* LaunchScreen.storyboard */ = {
			isa = PBXVariantGroup;
			children = (
				A77CA0A51F1D162B00409D34 /* Base */,
			);
			name = LaunchScreen.storyboard;
			sourceTree = "<group>";
		};
/* End PBXVariantGroup section */

/* Begin XCBuildConfiguration section */
		A77CA0A81F1D162B00409D34 /* Debug */ = {
			isa = XCBuildConfiguration;
			buildSettings = {
				ALWAYS_SEARCH_USER_PATHS = NO;
				CLANG_ANALYZER_NONNULL = YES;
				CLANG_ANALYZER_NUMBER_OBJECT_CONVERSION = YES_AGGRESSIVE;
				CLANG_CXX_LANGUAGE_STANDARD = "gnu++0x";
				CLANG_CXX_LIBRARY = "libc++";
				CLANG_ENABLE_MODULES = YES;
				CLANG_ENABLE_OBJC_ARC = YES;
				CLANG_WARN_BOOL_CONVERSION = YES;
				CLANG_WARN_CONSTANT_CONVERSION = YES;
				CLANG_WARN_DIRECT_OBJC_ISA_USAGE = YES_ERROR;
				CLANG_WARN_DOCUMENTATION_COMMENTS = YES;
				CLANG_WARN_EMPTY_BODY = YES;
				CLANG_WARN_ENUM_CONVERSION = YES;
				CLANG_WARN_INFINITE_RECURSION = YES;
				CLANG_WARN_INT_CONVERSION = YES;
				CLANG_WARN_OBJC_ROOT_CLASS = YES_ERROR;
				CLANG_WARN_SUSPICIOUS_MOVE = YES;
				CLANG_WARN_UNREACHABLE_CODE = YES;
				CLANG_WARN__DUPLICATE_METHOD_MATCH = YES;
				"CODE_SIGN_IDENTITY[sdk=iphoneos*]" = "iPhone Developer";
				COPY_PHASE_STRIP = NO;
				DEBUG_INFORMATION_FORMAT = dwarf;
				ENABLE_STRICT_OBJC_MSGSEND = YES;
				ENABLE_TESTABILITY = YES;
				GCC_C_LANGUAGE_STANDARD = gnu99;
				GCC_DYNAMIC_NO_PIC = NO;
				GCC_NO_COMMON_BLOCKS = YES;
				GCC_OPTIMIZATION_LEVEL = 0;
				GCC_PREPROCESSOR_DEFINITIONS = (
					"DEBUG=1",
					"$(inherited)",
				);
				GCC_WARN_64_TO_32_BIT_CONVERSION = YES;
				GCC_WARN_ABOUT_RETURN_TYPE = YES_ERROR;
				GCC_WARN_UNDECLARED_SELECTOR = YES;
				GCC_WARN_UNINITIALIZED_AUTOS = YES_AGGRESSIVE;
				GCC_WARN_UNUSED_FUNCTION = YES;
				GCC_WARN_UNUSED_VARIABLE = YES;
				IPHONEOS_DEPLOYMENT_TARGET = 10.3;
				MTL_ENABLE_DEBUG_INFO = YES;
				ONLY_ACTIVE_ARCH = YES;
				SDKROOT = iphoneos;
				SWIFT_ACTIVE_COMPILATION_CONDITIONS = DEBUG;
				SWIFT_OPTIMIZATION_LEVEL = "-Onone";
			};
			name = Debug;
		};
		A77CA0A91F1D162B00409D34 /* Release */ = {
			isa = XCBuildConfiguration;
			buildSettings = {
				ALWAYS_SEARCH_USER_PATHS = NO;
				CLANG_ANALYZER_NONNULL = YES;
				CLANG_ANALYZER_NUMBER_OBJECT_CONVERSION = YES_AGGRESSIVE;
				CLANG_CXX_LANGUAGE_STANDARD = "gnu++0x";
				CLANG_CXX_LIBRARY = "libc++";
				CLANG_ENABLE_MODULES = YES;
				CLANG_ENABLE_OBJC_ARC = YES;
				CLANG_WARN_BOOL_CONVERSION = YES;
				CLANG_WARN_CONSTANT_CONVERSION = YES;
				CLANG_WARN_DIRECT_OBJC_ISA_USAGE = YES_ERROR;
				CLANG_WARN_DOCUMENTATION_COMMENTS = YES;
				CLANG_WARN_EMPTY_BODY = YES;
				CLANG_WARN_ENUM_CONVERSION = YES;
				CLANG_WARN_INFINITE_RECURSION = YES;
				CLANG_WARN_INT_CONVERSION = YES;
				CLANG_WARN_OBJC_ROOT_CLASS = YES_ERROR;
				CLANG_WARN_SUSPICIOUS_MOVE = YES;
				CLANG_WARN_UNREACHABLE_CODE = YES;
				CLANG_WARN__DUPLICATE_METHOD_MATCH = YES;
				"CODE_SIGN_IDENTITY[sdk=iphoneos*]" = "iPhone Developer";
				COPY_PHASE_STRIP = NO;
				DEBUG_INFORMATION_FORMAT = "dwarf-with-dsym";
				ENABLE_NS_ASSERTIONS = NO;
				ENABLE_STRICT_OBJC_MSGSEND = YES;
				GCC_C_LANGUAGE_STANDARD = gnu99;
				GCC_NO_COMMON_BLOCKS = YES;
				GCC_WARN_64_TO_32_BIT_CONVERSION = YES;
				GCC_WARN_ABOUT_RETURN_TYPE = YES_ERROR;
				GCC_WARN_UNDECLARED_SELECTOR = YES;
				GCC_WARN_UNINITIALIZED_AUTOS = YES_AGGRESSIVE;
				GCC_WARN_UNUSED_FUNCTION = YES;
				GCC_WARN_UNUSED_VARIABLE = YES;
				IPHONEOS_DEPLOYMENT_TARGET = 10.3;
				MTL_ENABLE_DEBUG_INFO = NO;
				SDKROOT = iphoneos;
				SWIFT_OPTIMIZATION_LEVEL = "-Owholemodule";
				VALIDATE_PRODUCT = YES;
			};
			name = Release;
		};
		A77CA0AB1F1D162B00409D34 /* Debug */ = {
			isa = XCBuildConfiguration;
			baseConfigurationReference = F2E18BC077F9AEED1F710FD0 /* Pods-Siesta-UserBuild.debug.xcconfig */;
			buildSettings = {
				ASSETCATALOG_COMPILER_APPICON_NAME = AppIcon;
				DEVELOPMENT_TEAM = K5G28H99SW;
				INFOPLIST_FILE = "Siesta-UserBuild/Info.plist";
				IPHONEOS_DEPLOYMENT_TARGET = 10.2;
				LD_RUNPATH_SEARCH_PATHS = "$(inherited) @executable_path/Frameworks";
				PRODUCT_BUNDLE_IDENTIFIER = "com.pallaksingh.Siesta-UserBuild";
				PRODUCT_NAME = "$(TARGET_NAME)";
				SWIFT_VERSION = 3.0;
			};
			name = Debug;
		};
		A77CA0AC1F1D162B00409D34 /* Release */ = {
			isa = XCBuildConfiguration;
			baseConfigurationReference = 485AFBB5003E172190111BF1 /* Pods-Siesta-UserBuild.release.xcconfig */;
			buildSettings = {
				ASSETCATALOG_COMPILER_APPICON_NAME = AppIcon;
				DEVELOPMENT_TEAM = K5G28H99SW;
				INFOPLIST_FILE = "Siesta-UserBuild/Info.plist";
				IPHONEOS_DEPLOYMENT_TARGET = 10.2;
				LD_RUNPATH_SEARCH_PATHS = "$(inherited) @executable_path/Frameworks";
				PRODUCT_BUNDLE_IDENTIFIER = "com.pallaksingh.Siesta-UserBuild";
				PRODUCT_NAME = "$(TARGET_NAME)";
				SWIFT_VERSION = 3.0;
			};
			name = Release;
		};
/* End XCBuildConfiguration section */

/* Begin XCConfigurationList section */
		A77CA0931F1D162B00409D34 /* Build configuration list for PBXProject "Siesta-UserBuild" */ = {
			isa = XCConfigurationList;
			buildConfigurations = (
				A77CA0A81F1D162B00409D34 /* Debug */,
				A77CA0A91F1D162B00409D34 /* Release */,
			);
			defaultConfigurationIsVisible = 0;
			defaultConfigurationName = Release;
		};
		A77CA0AA1F1D162B00409D34 /* Build configuration list for PBXNativeTarget "Siesta-UserBuild" */ = {
			isa = XCConfigurationList;
			buildConfigurations = (
				A77CA0AB1F1D162B00409D34 /* Debug */,
				A77CA0AC1F1D162B00409D34 /* Release */,
			);
			defaultConfigurationIsVisible = 0;
			defaultConfigurationName = Release;
		};
/* End XCConfigurationList section */

/* Begin XCVersionGroup section */
		A71424521F26C0920038392D /* Alarm.xcdatamodeld */ = {
			isa = XCVersionGroup;
			children = (
				A71424531F26C0920038392D /* Alarm.xcdatamodel */,
			);
			currentVersion = A71424531F26C0920038392D /* Alarm.xcdatamodel */;
			path = Alarm.xcdatamodeld;
			sourceTree = "<group>";
			versionGroupType = wrapper.xcdatamodel;
		};
/* End XCVersionGroup section */
	};
	rootObject = A77CA0901F1D162B00409D34 /* Project object */;
}
